{
  "requires": true,
  "lockfileVersion": 1,
  "dependencies": {
    "@fortawesome/fontawesome-pro": {
      "version": "5.6.3",
      "resolved": "https://npm.fontawesome.com/@fortawesome/fontawesome-pro/-/fontawesome-pro-5.6.3.tgz",
      "integrity": "sha512-GEnSpbwxSU/aM/zxo6xu70ALnUc8aYaerb+yGIgiAgVZJnQLyBmEHga60857RdPZIPk8N6e95EkbhcQon5XClw==",
      "dev": true
    }
  }
}
